
Microsoft Visual Studio Solution File, Format Version 12.00
# Visual Studio Version 17
VisualStudioVersion = 17.2.32630.192
MinimumVisualStudioVersion = 10.0.40219.1
Project("{FAE04EC0-301F-11D3-BF4B-00C04F79EFBC}") = "AssetBundleServer", "AssetBundleServer.csproj", "{2FB8981F-1A72-4004-BC58-0694F9311B1A}"
EndProject
Global
	GlobalSection(SolutionConfigurationPlatforms) = preSolution
		Debug|Any CPU = Debug|Any CPU
		Release|Any CPU = Release|Any CPU
	EndGlobalSection
	GlobalSection(ProjectConfigurationPlatforms) = postSolution
		{2FB8981F-1A72-4004-BC58-0694F9311B1A}.Debug|Any CPU.ActiveCfg = Debug|Any CPU
		{2FB8981F-1A72-4004-BC58-0694F9311B1A}.Debug|Any CPU.Build.0 = Debug|Any CPU
		{2FB8981F-1A72-4004-BC58-0694F9311B1A}.Release|Any CPU.ActiveCfg = Release|Any CPU
		{2FB8981F-1A72-4004-BC58-0694F9311B1A}.Release|Any CPU.Build.0 = Release|Any CPU
	EndGlobalSection
	GlobalSection(SolutionProperties) = preSolution
		HideSolutionNode = FALSE
	EndGlobalSection
	GlobalSection(ExtensibilityGlobals) = postSolution
		SolutionGuid = {6F8649B3-D025-4747-AA0A-370E890A3656}
	EndGlobalSection
EndGlobal
